
Microsoft Visual Studio Solution File, Format Version 12.00
# Visual Studio Version 17
VisualStudioVersion = 17.0.31903.59
MinimumVisualStudioVersion = 10.0.40219.1
Project("{FAE04EC0-301F-11D3-BF4B-00C04F79EFBC}") = "Api", "Api\Api.csproj", "{D14894BD-A09F-4FD9-B45B-48A6F68ABB05}"
EndProject
Project("{FAE04EC0-301F-11D3-BF4B-00C04F79EFBC}") = "Client", "Client\Client.csproj", "{787682CD-A3B0-4EE3-831D-DEC44662ED31}"
EndProject
Project("{FAE04EC0-301F-11D3-BF4B-00C04F79EFBC}") = "Models", "Models\Models.csproj", "{7A610C89-9D01-4BE2-80AC-C5DC08548641}"
EndProject
Project("{2150E333-8FDC-42A3-9474-1A3956D46DE8}") = "Deploy", "Deploy", "{634B9E49-6C86-48F7-AF7A-6D229BF393B6}"
EndProject
Global
	GlobalSection(SolutionConfigurationPlatforms) = preSolution
		Debug|Any CPU = Debug|Any CPU
		Release|Any CPU = Release|Any CPU
	EndGlobalSection
	GlobalSection(SolutionProperties) = preSolution
		HideSolutionNode = FALSE
	EndGlobalSection
	GlobalSection(ProjectConfigurationPlatforms) = postSolution
		{D14894BD-A09F-4FD9-B45B-48A6F68ABB05}.Debug|Any CPU.ActiveCfg = Debug|Any CPU
		{D14894BD-A09F-4FD9-B45B-48A6F68ABB05}.Debug|Any CPU.Build.0 = Debug|Any CPU
		{D14894BD-A09F-4FD9-B45B-48A6F68ABB05}.Release|Any CPU.ActiveCfg = Release|Any CPU
		{D14894BD-A09F-4FD9-B45B-48A6F68ABB05}.Release|Any CPU.Build.0 = Release|Any CPU
		{787682CD-A3B0-4EE3-831D-DEC44662ED31}.Debug|Any CPU.ActiveCfg = Debug|Any CPU
		{787682CD-A3B0-4EE3-831D-DEC44662ED31}.Debug|Any CPU.Build.0 = Debug|Any CPU
		{787682CD-A3B0-4EE3-831D-DEC44662ED31}.Release|Any CPU.ActiveCfg = Release|Any CPU
		{787682CD-A3B0-4EE3-831D-DEC44662ED31}.Release|Any CPU.Build.0 = Release|Any CPU
		{7A610C89-9D01-4BE2-80AC-C5DC08548641}.Debug|Any CPU.ActiveCfg = Debug|Any CPU
		{7A610C89-9D01-4BE2-80AC-C5DC08548641}.Debug|Any CPU.Build.0 = Debug|Any CPU
		{7A610C89-9D01-4BE2-80AC-C5DC08548641}.Release|Any CPU.ActiveCfg = Release|Any CPU
		{7A610C89-9D01-4BE2-80AC-C5DC08548641}.Release|Any CPU.Build.0 = Release|Any CPU
	EndGlobalSection
	GlobalSection(NestedProjects) = preSolution
	EndGlobalSection
EndGlobal
